[root]
name = "rback"
version = "0.0.2"
dependencies = [
 "error-type 0.1.2 (registry+https://github.com/rust-lang/crates.io-index)",
 "libc 0.2.6 (registry+https://github.com/rust-lang/crates.io-index)",
 "rustc-serialize 0.3.16 (registry+https://github.com/rust-lang/crates.io-index)",
 "toml 0.1.26 (registry+https://github.com/rust-lang/crates.io-index)",
]

[[package]]
name = "error-type"
version = "0.1.2"
source = "registry+https://github.com/rust-lang/crates.io-index"

[[package]]
name = "libc"
version = "0.2.6"
source = "registry+https://github.com/rust-lang/crates.io-index"

[[package]]
name = "rustc-serialize"
version = "0.3.16"
source = "registry+https://github.com/rust-lang/crates.io-index"

[[package]]
name = "toml"
version = "0.1.26"
source = "registry+https://github.com/rust-lang/crates.io-index"
dependencies = [
 "rustc-serialize 0.3.16 (registry+https://github.com/rust-lang/crates.io-index)",
]

